
Microsoft Visual Studio Solution File, Format Version 12.00
# Visual Studio Version 17
VisualStudioVersion = 17.2.32630.192
MinimumVisualStudioVersion = 10.0.40219.1
Project("{9A19103F-16F7-4668-BE54-9A1E7A4F7556}") = "BrainFuckSharp.Lib", "BrainFuckSharp.Lib\BrainFuckSharp.Lib.csproj", "{1C0C4349-5F2E-435F-8A4B-03AF96C90CEC}"
EndProject
Project("{9A19103F-16F7-4668-BE54-9A1E7A4F7556}") = "BrainFuckSharp.Tests", "BrainfuckSharp.Tests\BrainFuckSharp.Tests.csproj", "{D71BDCE4-1BE6-4C7C-B9BA-B1D4B351A8D7}"
EndProject
Project("{FAE04EC0-301F-11D3-BF4B-00C04F79EFBC}") = "BrainFuckSharp", "BrainFuckSharp\BrainFuckSharp.csproj", "{D0AC30A4-3E42-4235-B902-BD8EC90AFCC8}"
EndProject
Global
	GlobalSection(SolutionConfigurationPlatforms) = preSolution
		Debug|Any CPU = Debug|Any CPU
		Release|Any CPU = Release|Any CPU
	EndGlobalSection
	GlobalSection(ProjectConfigurationPlatforms) = postSolution
		{1C0C4349-5F2E-435F-8A4B-03AF96C90CEC}.Debug|Any CPU.ActiveCfg = Debug|Any CPU
		{1C0C4349-5F2E-435F-8A4B-03AF96C90CEC}.Debug|Any CPU.Build.0 = Debug|Any CPU
		{1C0C4349-5F2E-435F-8A4B-03AF96C90CEC}.Release|Any CPU.ActiveCfg = Release|Any CPU
		{1C0C4349-5F2E-435F-8A4B-03AF96C90CEC}.Release|Any CPU.Build.0 = Release|Any CPU
		{D71BDCE4-1BE6-4C7C-B9BA-B1D4B351A8D7}.Debug|Any CPU.ActiveCfg = Debug|Any CPU
		{D71BDCE4-1BE6-4C7C-B9BA-B1D4B351A8D7}.Debug|Any CPU.Build.0 = Debug|Any CPU
		{D71BDCE4-1BE6-4C7C-B9BA-B1D4B351A8D7}.Release|Any CPU.ActiveCfg = Release|Any CPU
		{D71BDCE4-1BE6-4C7C-B9BA-B1D4B351A8D7}.Release|Any CPU.Build.0 = Release|Any CPU
		{D0AC30A4-3E42-4235-B902-BD8EC90AFCC8}.Debug|Any CPU.ActiveCfg = Debug|Any CPU
		{D0AC30A4-3E42-4235-B902-BD8EC90AFCC8}.Debug|Any CPU.Build.0 = Debug|Any CPU
		{D0AC30A4-3E42-4235-B902-BD8EC90AFCC8}.Release|Any CPU.ActiveCfg = Release|Any CPU
		{D0AC30A4-3E42-4235-B902-BD8EC90AFCC8}.Release|Any CPU.Build.0 = Release|Any CPU
	EndGlobalSection
	GlobalSection(SolutionProperties) = preSolution
		HideSolutionNode = FALSE
	EndGlobalSection
	GlobalSection(ExtensibilityGlobals) = postSolution
		SolutionGuid = {876AFEDB-AAA5-4A57-9F5D-143595DA8F77}
	EndGlobalSection
EndGlobal
